
Microsoft Visual Studio Solution File, Format Version 12.00
# Visual Studio 15
VisualStudioVersion = 15.0.28307.572
MinimumVisualStudioVersion = 10.0.40219.1
Project("{FAE04EC0-301F-11D3-BF4B-00C04F79EFBC}") = "DGHackerNews", "DGHackerNews\DGHackerNews.csproj", "{B4B1DD58-2541-4CA6-A4D7-4412B36D8600}"
EndProject
Project("{FAE04EC0-301F-11D3-BF4B-00C04F79EFBC}") = "DGHackerNews.Lib", "DGHackerNews.Lib\DGHackerNews.Lib.csproj", "{EF62FE88-4017-4462-8E9C-CF46A035774D}"
EndProject
Project("{FAE04EC0-301F-11D3-BF4B-00C04F79EFBC}") = "DGHackerNews.Model", "DGHackerNews.Model\DGHackerNews.Model.csproj", "{C8F476BE-D527-4B71-9442-627763A3E2E9}"
EndProject
Project("{FAE04EC0-301F-11D3-BF4B-00C04F79EFBC}") = "DGHackerNews.Tests", "DGHackerNews.Tests\DGHackerNews.Tests.csproj", "{8F1B56CE-36F9-43A5-A826-F905C5D30979}"
EndProject
Global
	GlobalSection(SolutionConfigurationPlatforms) = preSolution
		Debug|Any CPU = Debug|Any CPU
		Release|Any CPU = Release|Any CPU
	EndGlobalSection
	GlobalSection(ProjectConfigurationPlatforms) = postSolution
		{B4B1DD58-2541-4CA6-A4D7-4412B36D8600}.Debug|Any CPU.ActiveCfg = Debug|Any CPU
		{B4B1DD58-2541-4CA6-A4D7-4412B36D8600}.Debug|Any CPU.Build.0 = Debug|Any CPU
		{B4B1DD58-2541-4CA6-A4D7-4412B36D8600}.Release|Any CPU.ActiveCfg = Release|Any CPU
		{B4B1DD58-2541-4CA6-A4D7-4412B36D8600}.Release|Any CPU.Build.0 = Release|Any CPU
		{EF62FE88-4017-4462-8E9C-CF46A035774D}.Debug|Any CPU.ActiveCfg = Debug|Any CPU
		{EF62FE88-4017-4462-8E9C-CF46A035774D}.Debug|Any CPU.Build.0 = Debug|Any CPU
		{EF62FE88-4017-4462-8E9C-CF46A035774D}.Release|Any CPU.ActiveCfg = Release|Any CPU
		{EF62FE88-4017-4462-8E9C-CF46A035774D}.Release|Any CPU.Build.0 = Release|Any CPU
		{C8F476BE-D527-4B71-9442-627763A3E2E9}.Debug|Any CPU.ActiveCfg = Debug|Any CPU
		{C8F476BE-D527-4B71-9442-627763A3E2E9}.Debug|Any CPU.Build.0 = Debug|Any CPU
		{C8F476BE-D527-4B71-9442-627763A3E2E9}.Release|Any CPU.ActiveCfg = Release|Any CPU
		{C8F476BE-D527-4B71-9442-627763A3E2E9}.Release|Any CPU.Build.0 = Release|Any CPU
		{8F1B56CE-36F9-43A5-A826-F905C5D30979}.Debug|Any CPU.ActiveCfg = Debug|Any CPU
		{8F1B56CE-36F9-43A5-A826-F905C5D30979}.Debug|Any CPU.Build.0 = Debug|Any CPU
		{8F1B56CE-36F9-43A5-A826-F905C5D30979}.Release|Any CPU.ActiveCfg = Release|Any CPU
		{8F1B56CE-36F9-43A5-A826-F905C5D30979}.Release|Any CPU.Build.0 = Release|Any CPU
	EndGlobalSection
	GlobalSection(SolutionProperties) = preSolution
		HideSolutionNode = FALSE
	EndGlobalSection
	GlobalSection(ExtensibilityGlobals) = postSolution
		SolutionGuid = {726D881A-1D8E-406C-8FFE-1C5731FC0095}
	EndGlobalSection
EndGlobal
